
Microsoft Visual Studio Solution File, Format Version 12.00
# Visual Studio Version 17
VisualStudioVersion = 17.6.33712.159
MinimumVisualStudioVersion = 10.0.40219.1
Project("{FAE04EC0-301F-11D3-BF4B-00C04F79EFBC}") = "WebApplication_jquery", "WebApplication_jquery.csproj", "{FE6BF76D-C2EE-4D59-A159-751DAC6E4833}"
EndProject
Global
	GlobalSection(SolutionConfigurationPlatforms) = preSolution
		Debug|Any CPU = Debug|Any CPU
		Release|Any CPU = Release|Any CPU
	EndGlobalSection
	GlobalSection(ProjectConfigurationPlatforms) = postSolution
		{FE6BF76D-C2EE-4D59-A159-751DAC6E4833}.Debug|Any CPU.ActiveCfg = Debug|Any CPU
		{FE6BF76D-C2EE-4D59-A159-751DAC6E4833}.Debug|Any CPU.Build.0 = Debug|Any CPU
		{FE6BF76D-C2EE-4D59-A159-751DAC6E4833}.Release|Any CPU.ActiveCfg = Release|Any CPU
		{FE6BF76D-C2EE-4D59-A159-751DAC6E4833}.Release|Any CPU.Build.0 = Release|Any CPU
	EndGlobalSection
	GlobalSection(SolutionProperties) = preSolution
		HideSolutionNode = FALSE
	EndGlobalSection
	GlobalSection(ExtensibilityGlobals) = postSolution
		SolutionGuid = {84858A72-EB73-4FDD-B4DF-16C288AE6CBD}
	EndGlobalSection
EndGlobal
